
Microsoft Visual Studio Solution File, Format Version 12.00
# Visual Studio 2013
VisualStudioVersion = 12.0.40629.0
MinimumVisualStudioVersion = 10.0.40219.1
Project("{FAE04EC0-301F-11D3-BF4B-00C04F79EFBC}") = "Storage", "Storage\Storage.csproj", "{F53DD75D-D259-42F2-B4B7-93E7584F27A6}"
EndProject
Project("{2150E333-8FDC-42A3-9474-1A3956D46DE8}") = ".nuget", ".nuget", "{6D33BCA2-9D8B-468E-A397-C3DB9ADEC9B4}"
	ProjectSection(SolutionItems) = preProject
		.nuget\NuGet.Config = .nuget\NuGet.Config
		.nuget\NuGet.exe = .nuget\NuGet.exe
		.nuget\NuGet.targets = .nuget\NuGet.targets
	EndProjectSection
EndProject
Global
	GlobalSection(SolutionConfigurationPlatforms) = preSolution
		Debug|Any CPU = Debug|Any CPU
		Release|Any CPU = Release|Any CPU
	EndGlobalSection
	GlobalSection(ProjectConfigurationPlatforms) = postSolution
		{F53DD75D-D259-42F2-B4B7-93E7584F27A6}.Debug|Any CPU.ActiveCfg = Debug|Any CPU
		{F53DD75D-D259-42F2-B4B7-93E7584F27A6}.Debug|Any CPU.Build.0 = Debug|Any CPU
		{F53DD75D-D259-42F2-B4B7-93E7584F27A6}.Release|Any CPU.ActiveCfg = Release|Any CPU
		{F53DD75D-D259-42F2-B4B7-93E7584F27A6}.Release|Any CPU.Build.0 = Release|Any CPU
	EndGlobalSection
	GlobalSection(SolutionProperties) = preSolution
		HideSolutionNode = FALSE
	EndGlobalSection
EndGlobal
